
Microsoft Visual Studio Solution File, Format Version 12.00
# Visual Studio Version 17
VisualStudioVersion = 17.12.35506.116 d17.12
MinimumVisualStudioVersion = 10.0.40219.1
Project("{FAE04EC0-301F-11D3-BF4B-00C04F79EFBC}") = "Roshambo_Enums&AbstractClasses", "Roshambo_Enums&AbstractClasses\Roshambo_Enums&AbstractClasses.csproj", "{F58E6B75-5B67-4BEA-8CF3-F255D958C628}"
EndProject
Global
	GlobalSection(SolutionConfigurationPlatforms) = preSolution
		Debug|Any CPU = Debug|Any CPU
		Release|Any CPU = Release|Any CPU
	EndGlobalSection
	GlobalSection(ProjectConfigurationPlatforms) = postSolution
		{F58E6B75-5B67-4BEA-8CF3-F255D958C628}.Debug|Any CPU.ActiveCfg = Debug|Any CPU
		{F58E6B75-5B67-4BEA-8CF3-F255D958C628}.Debug|Any CPU.Build.0 = Debug|Any CPU
		{F58E6B75-5B67-4BEA-8CF3-F255D958C628}.Release|Any CPU.ActiveCfg = Release|Any CPU
		{F58E6B75-5B67-4BEA-8CF3-F255D958C628}.Release|Any CPU.Build.0 = Release|Any CPU
	EndGlobalSection
	GlobalSection(SolutionProperties) = preSolution
		HideSolutionNode = FALSE
	EndGlobalSection
EndGlobal
